// !$*UTF8*$!
{
	archiveVersion = 1;
	classes = {
	};
	objectVersion = 50;
	objects = {

/* Begin PBXBuildFile section */
		6619D7E927215684001CEC8F /* Tests_iOS.swift in Sources */ = {isa = PBXBuildFile; fileRef = 6619D7E827215684001CEC8F /* Tests_iOS.swift */; };
		6619D7F427215684001CEC8F /* Tests_macOS.swift in Sources */ = {isa = PBXBuildFile; fileRef = 6619D7F327215684001CEC8F /* Tests_macOS.swift */; };
		6619D7F627215684001CEC8F /* BluetoothLabApp.swift in Sources */ = {isa = PBXBuildFile; fileRef = 6619D7CD27215682001CEC8F /* BluetoothLabApp.swift */; };
		6619D7F727215684001CEC8F /* BluetoothLabApp.swift in Sources */ = {isa = PBXBuildFile; fileRef = 6619D7CD27215682001CEC8F /* BluetoothLabApp.swift */; };
		6619D7F827215684001CEC8F /* ContentView.swift in Sources */ = {isa = PBXBuildFile; fileRef = 6619D7CE27215682001CEC8F /* ContentView.swift */; };
		6619D7F927215684001CEC8F /* ContentView.swift in Sources */ = {isa = PBXBuildFile; fileRef = 6619D7CE27215682001CEC8F /* ContentView.swift */; };
		6619D7FA27215684001CEC8F /* Assets.xcassets in Resources */ = {isa = PBXBuildFile; fileRef = 6619D7CF27215684001CEC8F /* Assets.xcassets */; };
		6619D7FB27215684001CEC8F /* Assets.xcassets in Resources */ = {isa = PBXBuildFile; fileRef = 6619D7CF27215684001CEC8F /* Assets.xcassets */; };
		6619D80B272156DD001CEC8F /* BeaconView.swift in Sources */ = {isa = PBXBuildFile; fileRef = 6619D80A272156DD001CEC8F /* BeaconView.swift */; };
		6619D80C272156DD001CEC8F /* BeaconView.swift in Sources */ = {isa = PBXBuildFile; fileRef = 6619D80A272156DD001CEC8F /* BeaconView.swift */; };
		6619D80E27216774001CEC8F /* BleView.swift in Sources */ = {isa = PBXBuildFile; fileRef = 6619D80D27216774001CEC8F /* BleView.swift */; };
		6619D80F27216774001CEC8F /* BleView.swift in Sources */ = {isa = PBXBuildFile; fileRef = 6619D80D27216774001CEC8F /* BleView.swift */; };
/* End PBXBuildFile section */

/* Begin PBXContainerItemProxy section */
		6619D7E527215684001CEC8F /* PBXContainerItemProxy */ = {
			isa = PBXContainerItemProxy;
			containerPortal = 6619D7C827215682001CEC8F /* Project object */;
			proxyType = 1;
			remoteGlobalIDString = 6619D7D327215684001CEC8F;
			remoteInfo = "BluetoothLab (iOS)";
		};
		6619D7F027215684001CEC8F /* PBXContainerItemProxy */ = {
			isa = PBXContainerItemProxy;
			containerPortal = 6619D7C827215682001CEC8F /* Project object */;
			proxyType = 1;
			remoteGlobalIDString = 6619D7DB27215684001CEC8F;
			remoteInfo = "BluetoothLab (macOS)";
		};
/* End PBXContainerItemProxy section */

/* Begin PBXFileReference section */
		6619D7CD27215682001CEC8F /* BluetoothLabApp.swift */ = {isa = PBXFileReference; lastKnownFileType = sourcecode.swift; path = BluetoothLabApp.swift; sourceTree = "<group>"; };
		6619D7CE27215682001CEC8F /* ContentView.swift */ = {isa = PBXFileReference; lastKnownFileType = sourcecode.swift; path = ContentView.swift; sourceTree = "<group>"; };
		6619D7CF27215684001CEC8F /* Assets.xcassets */ = {isa = PBXFileReference; lastKnownFileType = folder.assetcatalog; path = Assets.xcassets; sourceTree = "<group>"; };
		6619D7D427215684001CEC8F /* BluetoothLab.app */ = {isa = PBXFileReference; explicitFileType = wrapper.application; includeInIndex = 0; path = BluetoothLab.app; sourceTree = BUILT_PRODUCTS_DIR; };
		6619D7D727215684001CEC8F /* Info.plist */ = {isa = PBXFileReference; lastKnownFileType = text.plist.xml; path = Info.plist; sourceTree = "<group>"; };
		6619D7DC27215684001CEC8F /* BluetoothLab.app */ = {isa = PBXFileReference; explicitFileType = wrapper.application; includeInIndex = 0; path = BluetoothLab.app; sourceTree = BUILT_PRODUCTS_DIR; };
		6619D7DE27215684001CEC8F /* Info.plist */ = {isa = PBXFileReference; lastKnownFileType = text.plist.xml; path = Info.plist; sourceTree = "<group>"; };
		6619D7DF27215684001CEC8F /* macOS.entitlements */ = {isa = PBXFileReference; lastKnownFileType = text.plist.entitlements; path = macOS.entitlements; sourceTree = "<group>"; };
		6619D7E427215684001CEC8F /* Tests iOS.xctest */ = {isa = PBXFileReference; explicitFileType = wrapper.cfbundle; includeInIndex = 0; path = "Tests iOS.xctest"; sourceTree = BUILT_PRODUCTS_DIR; };
		6619D7E827215684001CEC8F /* Tests_iOS.swift */ = {isa = PBXFileReference; lastKnownFileType = sourcecode.swift; path = Tests_iOS.swift; sourceTree = "<group>"; };
		6619D7EA27215684001CEC8F /* Info.plist */ = {isa = PBXFileReference; lastKnownFileType = text.plist.xml; path = Info.plist; sourceTree = "<group>"; };
		6619D7EF27215684001CEC8F /* Tests macOS.xctest */ = {isa = PBXFileReference; explicitFileType = wrapper.cfbundle; includeInIndex = 0; path = "Tests macOS.xctest"; sourceTree = BUILT_PRODUCTS_DIR; };
		6619D7F327215684001CEC8F /* Tests_macOS.swift */ = {isa = PBXFileReference; lastKnownFileType = sourcecode.swift; path = Tests_macOS.swift; sourceTree = "<group>"; };
		6619D7F527215684001CEC8F /* Info.plist */ = {isa = PBXFileReference; lastKnownFileType = text.plist.xml; path = Info.plist; sourceTree = "<group>"; };
		6619D80A272156DD001CEC8F /* BeaconView.swift */ = {isa = PBXFileReference; lastKnownFileType = sourcecode.swift; path = BeaconView.swift; sourceTree = "<group>"; };
		6619D80D27216774001CEC8F /* BleView.swift */ = {isa = PBXFileReference; lastKnownFileType = sourcecode.swift; path = BleView.swift; sourceTree = "<group>"; };
/* End PBXFileReference section */

/* Begin PBXFrameworksBuildPhase section */
		6619D7D127215684001CEC8F /* Frameworks */ = {
			isa = PBXFrameworksBuildPhase;
			buildActionMask = 2147483647;
			files = (
			);
			runOnlyForDeploymentPostprocessing = 0;
		};
		6619D7D927215684001CEC8F /* Frameworks */ = {
			isa = PBXFrameworksBuildPhase;
			buildActionMask = 2147483647;
			files = (
			);
			runOnlyForDeploymentPostprocessing = 0;
		};
		6619D7E127215684001CEC8F /* Frameworks */ = {
			isa = PBXFrameworksBuildPhase;
			buildActionMask = 2147483647;
			files = (
			);
			runOnlyForDeploymentPostprocessing = 0;
		};
		6619D7EC27215684001CEC8F /* Frameworks */ = {
			isa = PBXFrameworksBuildPhase;
			buildActionMask = 2147483647;
			files = (
			);
			runOnlyForDeploymentPostprocessing = 0;
		};
/* End PBXFrameworksBuildPhase section */

/* Begin PBXGroup section */
		6619D7C727215682001CEC8F = {
			isa = PBXGroup;
			children = (
				6619D7CC27215682001CEC8F /* Shared */,
				6619D7D627215684001CEC8F /* iOS */,
				6619D7DD27215684001CEC8F /* macOS */,
				6619D7E727215684001CEC8F /* Tests iOS */,
				6619D7F227215684001CEC8F /* Tests macOS */,
				6619D7D527215684001CEC8F /* Products */,
			);
			sourceTree = "<group>";
		};
		6619D7CC27215682001CEC8F /* Shared */ = {
			isa = PBXGroup;
			children = (
				6619D7CD27215682001CEC8F /* BluetoothLabApp.swift */,
				6619D7CE27215682001CEC8F /* ContentView.swift */,
				6619D80A272156DD001CEC8F /* BeaconView.swift */,
				6619D7CF27215684001CEC8F /* Assets.xcassets */,
				6619D80D27216774001CEC8F /* BleView.swift */,
			);
			path = Shared;
			sourceTree = "<group>";
		};
		6619D7D527215684001CEC8F /* Products */ = {
			isa = PBXGroup;
			children = (
				6619D7D427215684001CEC8F /* BluetoothLab.app */,
				6619D7DC27215684001CEC8F /* BluetoothLab.app */,
				6619D7E427215684001CEC8F /* Tests iOS.xctest */,
				6619D7EF27215684001CEC8F /* Tests macOS.xctest */,
			);
			name = Products;
			sourceTree = "<group>";
		};
		6619D7D627215684001CEC8F /* iOS */ = {
			isa = PBXGroup;
			children = (
				6619D7D727215684001CEC8F /* Info.plist */,
			);
			path = iOS;
			sourceTree = "<group>";
		};
		6619D7DD27215684001CEC8F /* macOS */ = {
			isa = PBXGroup;
			children = (
				6619D7DE27215684001CEC8F /* Info.plist */,
				6619D7DF27215684001CEC8F /* macOS.entitlements */,
			);
			path = macOS;
			sourceTree = "<group>";
		};
		6619D7E727215684001CEC8F /* Tests iOS */ = {
			isa = PBXGroup;
			children = (
				6619D7E827215684001CEC8F /* Tests_iOS.swift */,
				6619D7EA27215684001CEC8F /* Info.plist */,
			);
			path = "Tests iOS";
			sourceTree = "<group>";
		};
		6619D7F227215684001CEC8F /* Tests macOS */ = {
			isa = PBXGroup;
			children = (
				6619D7F327215684001CEC8F /* Tests_macOS.swift */,
				6619D7F527215684001CEC8F /* Info.plist */,
			);
			path = "Tests macOS";
			sourceTree = "<group>";
		};
/* End PBXGroup section */

/* Begin PBXNativeTarget section */
		6619D7D327215684001CEC8F /* BluetoothLab (iOS) */ = {
			isa = PBXNativeTarget;
			buildConfigurationList = 6619D7FE27215684001CEC8F /* Build configuration list for PBXNativeTarget "BluetoothLab (iOS)" */;
			buildPhases = (
				6619D7D027215684001CEC8F /* Sources */,
				6619D7D127215684001CEC8F /* Frameworks */,
				6619D7D227215684001CEC8F /* Resources */,
			);
			buildRules = (
			);
			dependencies = (
			);
			name = "BluetoothLab (iOS)";
			productName = "BluetoothLab (iOS)";
			productReference = 6619D7D427215684001CEC8F /* BluetoothLab.app */;
			productType = "com.apple.product-type.application";
		};
		6619D7DB27215684001CEC8F /* BluetoothLab (macOS) */ = {
			isa = PBXNativeTarget;
			buildConfigurationList = 6619D80127215684001CEC8F /* Build configuration list for PBXNativeTarget "BluetoothLab (macOS)" */;
			buildPhases = (
				6619D7D827215684001CEC8F /* Sources */,
				6619D7D927215684001CEC8F /* Frameworks */,
				6619D7DA27215684001CEC8F /* Resources */,
			);
			buildRules = (
			);
			dependencies = (
			);
			name = "BluetoothLab (macOS)";
			productName = "BluetoothLab (macOS)";
			productReference = 6619D7DC27215684001CEC8F /* BluetoothLab.app */;
			productType = "com.apple.product-type.application";
		};
		6619D7E327215684001CEC8F /* Tests iOS */ = {
			isa = PBXNativeTarget;
			buildConfigurationList = 6619D80427215684001CEC8F /* Build configuration list for PBXNativeTarget "Tests iOS" */;
			buildPhases = (
				6619D7E027215684001CEC8F /* Sources */,
				6619D7E127215684001CEC8F /* Frameworks */,
				6619D7E227215684001CEC8F /* Resources */,
			);
			buildRules = (
			);
			dependencies = (
				6619D7E627215684001CEC8F /* PBXTargetDependency */,
			);
			name = "Tests iOS";
			productName = "Tests iOS";
			productReference = 6619D7E427215684001CEC8F /* Tests iOS.xctest */;
			productType = "com.apple.product-type.bundle.ui-testing";
		};
		6619D7EE27215684001CEC8F /* Tests macOS */ = {
			isa = PBXNativeTarget;
			buildConfigurationList = 6619D80727215684001CEC8F /* Build configuration list for PBXNativeTarget "Tests macOS" */;
			buildPhases = (
				6619D7EB27215684001CEC8F /* Sources */,
				6619D7EC27215684001CEC8F /* Frameworks */,
				6619D7ED27215684001CEC8F /* Resources */,
			);
			buildRules = (
			);
			dependencies = (
				6619D7F127215684001CEC8F /* PBXTargetDependency */,
			);
			name = "Tests macOS";
			productName = "Tests macOS";
			productReference = 6619D7EF27215684001CEC8F /* Tests macOS.xctest */;
			productType = "com.apple.product-type.bundle.ui-testing";
		};
/* End PBXNativeTarget section */

/* Begin PBXProject section */
		6619D7C827215682001CEC8F /* Project object */ = {
			isa = PBXProject;
			attributes = {
				LastSwiftUpdateCheck = 1250;
				LastUpgradeCheck = 1250;
				TargetAttributes = {
					6619D7D327215684001CEC8F = {
						CreatedOnToolsVersion = 12.5.1;
					};
					6619D7DB27215684001CEC8F = {
						CreatedOnToolsVersion = 12.5.1;
					};
					6619D7E327215684001CEC8F = {
						CreatedOnToolsVersion = 12.5.1;
						TestTargetID = 6619D7D327215684001CEC8F;
					};
					6619D7EE27215684001CEC8F = {
						CreatedOnToolsVersion = 12.5.1;
						TestTargetID = 6619D7DB27215684001CEC8F;
					};
				};
			};
			buildConfigurationList = 6619D7CB27215682001CEC8F /* Build configuration list for PBXProject "BluetoothLab" */;
			compatibilityVersion = "Xcode 9.3";
			developmentRegion = en;
			hasScannedForEncodings = 0;
			knownRegions = (
				en,
				Base,
			);
			mainGroup = 6619D7C727215682001CEC8F;
			productRefGroup = 6619D7D527215684001CEC8F /* Products */;
			projectDirPath = "";
			projectRoot = "";
			targets = (
				6619D7D327215684001CEC8F /* BluetoothLab (iOS) */,
				6619D7DB27215684001CEC8F /* BluetoothLab (macOS) */,
				6619D7E327215684001CEC8F /* Tests iOS */,
				6619D7EE27215684001CEC8F /* Tests macOS */,
			);
		};
/* End PBXProject section */

/* Begin PBXResourcesBuildPhase section */
		6619D7D227215684001CEC8F /* Resources */ = {
			isa = PBXResourcesBuildPhase;
			buildActionMask = 2147483647;
			files = (
				6619D7FA27215684001CEC8F /* Assets.xcassets in Resources */,
			);
			runOnlyForDeploymentPostprocessing = 0;
		};
		6619D7DA27215684001CEC8F /* Resources */ = {
			isa = PBXResourcesBuildPhase;
			buildActionMask = 2147483647;
			files = (
				6619D7FB27215684001CEC8F /* Assets.xcassets in Resources */,
			);
			runOnlyForDeploymentPostprocessing = 0;
		};
		6619D7E227215684001CEC8F /* Resources */ = {
			isa = PBXResourcesBuildPhase;
			buildActionMask = 2147483647;
			files = (
			);
			runOnlyForDeploymentPostprocessing = 0;
		};
		6619D7ED27215684001CEC8F /* Resources */ = {
			isa = PBXResourcesBuildPhase;
			buildActionMask = 2147483647;
			files = (
			);
			runOnlyForDeploymentPostprocessing = 0;
		};
/* End PBXResourcesBuildPhase section */

/* Begin PBXSourcesBuildPhase section */
		6619D7D027215684001CEC8F /* Sources */ = {
			isa = PBXSourcesBuildPhase;
			buildActionMask = 2147483647;
			files = (
				6619D80B272156DD001CEC8F /* BeaconView.swift in Sources */,
				6619D7F827215684001CEC8F /* ContentView.swift in Sources */,
				6619D80E27216774001CEC8F /* BleView.swift in Sources */,
				6619D7F627215684001CEC8F /* BluetoothLabApp.swift in Sources */,
			);
			runOnlyForDeploymentPostprocessing = 0;
		};
		6619D7D827215684001CEC8F /* Sources */ = {
			isa = PBXSourcesBuildPhase;
			buildActionMask = 2147483647;
			files = (
				6619D80C272156DD001CEC8F /* BeaconView.swift in Sources */,
				6619D7F927215684001CEC8F /* ContentView.swift in Sources */,
				6619D80F27216774001CEC8F /* BleView.swift in Sources */,
				6619D7F727215684001CEC8F /* BluetoothLabApp.swift in Sources */,
			);
			runOnlyForDeploymentPostprocessing = 0;
		};
		6619D7E027215684001CEC8F /* Sources */ = {
			isa = PBXSourcesBuildPhase;
			buildActionMask = 2147483647;
			files = (
				6619D7E927215684001CEC8F /* Tests_iOS.swift in Sources */,
			);
			runOnlyForDeploymentPostprocessing = 0;
		};
		6619D7EB27215684001CEC8F /* Sources */ = {
			isa = PBXSourcesBuildPhase;
			buildActionMask = 2147483647;
			files = (
				6619D7F427215684001CEC8F /* Tests_macOS.swift in Sources */,
			);
			runOnlyForDeploymentPostprocessing = 0;
		};
/* End PBXSourcesBuildPhase section */

/* Begin PBXTargetDependency section */
		6619D7E627215684001CEC8F /* PBXTargetDependency */ = {
			isa = PBXTargetDependency;
			target = 6619D7D327215684001CEC8F /* BluetoothLab (iOS) */;
			targetProxy = 6619D7E527215684001CEC8F /* PBXContainerItemProxy */;
		};
		6619D7F127215684001CEC8F /* PBXTargetDependency */ = {
			isa = PBXTargetDependency;
			target = 6619D7DB27215684001CEC8F /* BluetoothLab (macOS) */;
			targetProxy = 6619D7F027215684001CEC8F /* PBXContainerItemProxy */;
		};
/* End PBXTargetDependency section */

/* Begin XCBuildConfiguration section */
		6619D7FC27215684001CEC8F /* Debug */ = {
			isa = XCBuildConfiguration;
			buildSettings = {
				ALWAYS_SEARCH_USER_PATHS = NO;
				CLANG_ANALYZER_NONNULL = YES;
				CLANG_ANALYZER_NUMBER_OBJECT_CONVERSION = YES_AGGRESSIVE;
				CLANG_CXX_LANGUAGE_STANDARD = "gnu++14";
				CLANG_CXX_LIBRARY = "libc++";
				CLANG_ENABLE_MODULES = YES;
				CLANG_ENABLE_OBJC_ARC = YES;
				CLANG_ENABLE_OBJC_WEAK = YES;
				CLANG_WARN_BLOCK_CAPTURE_AUTORELEASING = YES;
				CLANG_WARN_BOOL_CONVERSION = YES;
				CLANG_WARN_COMMA = YES;
				CLANG_WARN_CONSTANT_CONVERSION = YES;
				CLANG_WARN_DEPRECATED_OBJC_IMPLEMENTATIONS = YES;
				CLANG_WARN_DIRECT_OBJC_ISA_USAGE = YES_ERROR;
				CLANG_WARN_DOCUMENTATION_COMMENTS = YES;
				CLANG_WARN_EMPTY_BODY = YES;
				CLANG_WARN_ENUM_CONVERSION = YES;
				CLANG_WARN_INFINITE_RECURSION = YES;
				CLANG_WARN_INT_CONVERSION = YES;
				CLANG_WARN_NON_LITERAL_NULL_CONVERSION = YES;
				CLANG_WARN_OBJC_IMPLICIT_RETAIN_SELF = YES;
				CLANG_WARN_OBJC_LITERAL_CONVERSION = YES;
				CLANG_WARN_OBJC_ROOT_CLASS = YES_ERROR;
				CLANG_WARN_QUOTED_INCLUDE_IN_FRAMEWORK_HEADER = YES;
				CLANG_WARN_RANGE_LOOP_ANALYSIS = YES;
				CLANG_WARN_STRICT_PROTOTYPES = YES;
				CLANG_WARN_SUSPICIOUS_MOVE = YES;
				CLANG_WARN_UNGUARDED_AVAILABILITY = YES_AGGRESSIVE;
				CLANG_WARN_UNREACHABLE_CODE = YES;
				CLANG_WARN__DUPLICATE_METHOD_MATCH = YES;
				COPY_PHASE_STRIP = NO;
				DEBUG_INFORMATION_FORMAT = dwarf;
				ENABLE_STRICT_OBJC_MSGSEND = YES;
				ENABLE_TESTABILITY = YES;
				GCC_C_LANGUAGE_STANDARD = gnu11;
				GCC_DYNAMIC_NO_PIC = NO;
				GCC_NO_COMMON_BLOCKS = YES;
				GCC_OPTIMIZATION_LEVEL = 0;
				GCC_PREPROCESSOR_DEFINITIONS = (
					"DEBUG=1",
					"$(inherited)",
				);
				GCC_WARN_64_TO_32_BIT_CONVERSION = YES;
				GCC_WARN_ABOUT_RETURN_TYPE = YES_ERROR;
				GCC_WARN_UNDECLARED_SELECTOR = YES;
				GCC_WARN_UNINITIALIZED_AUTOS = YES_AGGRESSIVE;
				GCC_WARN_UNUSED_FUNCTION = YES;
				GCC_WARN_UNUSED_VARIABLE = YES;
				MTL_ENABLE_DEBUG_INFO = INCLUDE_SOURCE;
				MTL_FAST_MATH = YES;
				ONLY_ACTIVE_ARCH = YES;
				SWIFT_ACTIVE_COMPILATION_CONDITIONS = DEBUG;
				SWIFT_OPTIMIZATION_LEVEL = "-Onone";
			};
			name = Debug;
		};
		6619D7FD27215684001CEC8F /* Release */ = {
			isa = XCBuildConfiguration;
			buildSettings = {
				ALWAYS_SEARCH_USER_PATHS = NO;
				CLANG_ANALYZER_NONNULL = YES;
				CLANG_ANALYZER_NUMBER_OBJECT_CONVERSION = YES_AGGRESSIVE;
				CLANG_CXX_LANGUAGE_STANDARD = "gnu++14";
				CLANG_CXX_LIBRARY = "libc++";
				CLANG_ENABLE_MODULES = YES;
				CLANG_ENABLE_OBJC_ARC = YES;
				CLANG_ENABLE_OBJC_WEAK = YES;
				CLANG_WARN_BLOCK_CAPTURE_AUTORELEASING = YES;
				CLANG_WARN_BOOL_CONVERSION = YES;
				CLANG_WARN_COMMA = YES;
				CLANG_WARN_CONSTANT_CONVERSION = YES;
				CLANG_WARN_DEPRECATED_OBJC_IMPLEMENTATIONS = YES;
				CLANG_WARN_DIRECT_OBJC_ISA_USAGE = YES_ERROR;
				CLANG_WARN_DOCUMENTATION_COMMENTS = YES;
				CLANG_WARN_EMPTY_BODY = YES;
				CLANG_WARN_ENUM_CONVERSION = YES;
				CLANG_WARN_INFINITE_RECURSION = YES;
				CLANG_WARN_INT_CONVERSION = YES;
				CLANG_WARN_NON_LITERAL_NULL_CONVERSION = YES;
				CLANG_WARN_OBJC_IMPLICIT_RETAIN_SELF = YES;
				CLANG_WARN_OBJC_LITERAL_CONVERSION = YES;
				CLANG_WARN_OBJC_ROOT_CLASS = YES_ERROR;
				CLANG_WARN_QUOTED_INCLUDE_IN_FRAMEWORK_HEADER = YES;
				CLANG_WARN_RANGE_LOOP_ANALYSIS = YES;
				CLANG_WARN_STRICT_PROTOTYPES = YES;
				CLANG_WARN_SUSPICIOUS_MOVE = YES;
				CLANG_WARN_UNGUARDED_AVAILABILITY = YES_AGGRESSIVE;
				CLANG_WARN_UNREACHABLE_CODE = YES;
				CLANG_WARN__DUPLICATE_METHOD_MATCH = YES;
				COPY_PHASE_STRIP = NO;
				DEBUG_INFORMATION_FORMAT = "dwarf-with-dsym";
				ENABLE_NS_ASSERTIONS = NO;
				ENABLE_STRICT_OBJC_MSGSEND = YES;
				GCC_C_LANGUAGE_STANDARD = gnu11;
				GCC_NO_COMMON_BLOCKS = YES;
				GCC_WARN_64_TO_32_BIT_CONVERSION = YES;
				GCC_WARN_ABOUT_RETURN_TYPE = YES_ERROR;
				GCC_WARN_UNDECLARED_SELECTOR = YES;
				GCC_WARN_UNINITIALIZED_AUTOS = YES_AGGRESSIVE;
				GCC_WARN_UNUSED_FUNCTION = YES;
				GCC_WARN_UNUSED_VARIABLE = YES;
				MTL_ENABLE_DEBUG_INFO = NO;
				MTL_FAST_MATH = YES;
				SWIFT_COMPILATION_MODE = wholemodule;
				SWIFT_OPTIMIZATION_LEVEL = "-O";
			};
			name = Release;
		};
		6619D7FF27215684001CEC8F /* Debug */ = {
			isa = XCBuildConfiguration;
			buildSettings = {
				ASSETCATALOG_COMPILER_APPICON_NAME = AppIcon;
				ASSETCATALOG_COMPILER_GLOBAL_ACCENT_COLOR_NAME = AccentColor;
				CODE_SIGN_STYLE = Automatic;
				DEVELOPMENT_TEAM = VXBW9D2DUG;
				ENABLE_PREVIEWS = YES;
				INFOPLIST_FILE = iOS/Info.plist;
				IPHONEOS_DEPLOYMENT_TARGET = 14.0;
				LD_RUNPATH_SEARCH_PATHS = (
					"$(inherited)",
					"@executable_path/Frameworks",
				);
				PRODUCT_BUNDLE_IDENTIFIER = hkbu.BluetoothLab;
				PRODUCT_NAME = BluetoothLab;
				SDKROOT = iphoneos;
				SWIFT_VERSION = 5.0;
				TARGETED_DEVICE_FAMILY = "1,2";
			};
			name = Debug;
		};
		6619D80027215684001CEC8F /* Release */ = {
			isa = XCBuildConfiguration;
			buildSettings = {
				ASSETCATALOG_COMPILER_APPICON_NAME = AppIcon;
				ASSETCATALOG_COMPILER_GLOBAL_ACCENT_COLOR_NAME = AccentColor;
				CODE_SIGN_STYLE = Automatic;
				DEVELOPMENT_TEAM = VXBW9D2DUG;
				ENABLE_PREVIEWS = YES;
				INFOPLIST_FILE = iOS/Info.plist;
				IPHONEOS_DEPLOYMENT_TARGET = 14.0;
				LD_RUNPATH_SEARCH_PATHS = (
					"$(inherited)",
					"@executable_path/Frameworks",
				);
				PRODUCT_BUNDLE_IDENTIFIER = hkbu.BluetoothLab;
				PRODUCT_NAME = BluetoothLab;
				SDKROOT = iphoneos;
				SWIFT_VERSION = 5.0;
				TARGETED_DEVICE_FAMILY = "1,2";
				VALIDATE_PRODUCT = YES;
			};
			name = Release;
		};
		6619D80227215684001CEC8F /* Debug */ = {
			isa = XCBuildConfiguration;
			buildSettings = {
				ASSETCATALOG_COMPILER_APPICON_NAME = AppIcon;
				ASSETCATALOG_COMPILER_GLOBAL_ACCENT_COLOR_NAME = AccentColor;
				CODE_SIGN_ENTITLEMENTS = macOS/macOS.entitlements;
				CODE_SIGN_STYLE = Automatic;
				COMBINE_HIDPI_IMAGES = YES;
				ENABLE_PREVIEWS = YES;
				INFOPLIST_FILE = macOS/Info.plist;
				LD_RUNPATH_SEARCH_PATHS = (
					"$(inherited)",
					"@executable_path/../Frameworks",
				);
				MACOSX_DEPLOYMENT_TARGET = 11.0;
				PRODUCT_BUNDLE_IDENTIFIER = hkbu.BluetoothLab;
				PRODUCT_NAME = BluetoothLab;
				SDKROOT = macosx;
				SWIFT_VERSION = 5.0;
			};
			name = Debug;
		};
		6619D80327215684001CEC8F /* Release */ = {
			isa = XCBuildConfiguration;
			buildSettings = {
				ASSETCATALOG_COMPILER_APPICON_NAME = AppIcon;
				ASSETCATALOG_COMPILER_GLOBAL_ACCENT_COLOR_NAME = AccentColor;
				CODE_SIGN_ENTITLEMENTS = macOS/macOS.entitlements;
				CODE_SIGN_STYLE = Automatic;
				COMBINE_HIDPI_IMAGES = YES;
				ENABLE_PREVIEWS = YES;
				INFOPLIST_FILE = macOS/Info.plist;
				LD_RUNPATH_SEARCH_PATHS = (
					"$(inherited)",
					"@executable_path/../Frameworks",
				);
				MACOSX_DEPLOYMENT_TARGET = 11.0;
				PRODUCT_BUNDLE_IDENTIFIER = hkbu.BluetoothLab;
				PRODUCT_NAME = BluetoothLab;
				SDKROOT = macosx;
				SWIFT_VERSION = 5.0;
			};
			name = Release;
		};
		6619D80527215684001CEC8F /* Debug */ = {
			isa = XCBuildConfiguration;
			buildSettings = {
				ALWAYS_EMBED_SWIFT_STANDARD_LIBRARIES = YES;
				CODE_SIGN_STYLE = Automatic;
				INFOPLIST_FILE = "Tests iOS/Info.plist";
				IPHONEOS_DEPLOYMENT_TARGET = 14.5;
				LD_RUNPATH_SEARCH_PATHS = (
					"$(inherited)",
					"@executable_path/Frameworks",
					"@loader_path/Frameworks",
				);
				PRODUCT_BUNDLE_IDENTIFIER = "hkbu.Tests-iOS";
				PRODUCT_NAME = "$(TARGET_NAME)";
				SDKROOT = iphoneos;
				SWIFT_VERSION = 5.0;
				TARGETED_DEVICE_FAMILY = "1,2";
				TEST_TARGET_NAME = "BluetoothLab (iOS)";
			};
			name = Debug;
		};
		6619D80627215684001CEC8F /* Release */ = {
			isa = XCBuildConfiguration;
			buildSettings = {
				ALWAYS_EMBED_SWIFT_STANDARD_LIBRARIES = YES;
				CODE_SIGN_STYLE = Automatic;
				INFOPLIST_FILE = "Tests iOS/Info.plist";
				IPHONEOS_DEPLOYMENT_TARGET = 14.5;
				LD_RUNPATH_SEARCH_PATHS = (
					"$(inherited)",
					"@executable_path/Frameworks",
					"@loader_path/Frameworks",
				);
				PRODUCT_BUNDLE_IDENTIFIER = "hkbu.Tests-iOS";
				PRODUCT_NAME = "$(TARGET_NAME)";
				SDKROOT = iphoneos;
				SWIFT_VERSION = 5.0;
				TARGETED_DEVICE_FAMILY = "1,2";
				TEST_TARGET_NAME = "BluetoothLab (iOS)";
				VALIDATE_PRODUCT = YES;
			};
			name = Release;
		};
		6619D80827215684001CEC8F /* Debug */ = {
			isa = XCBuildConfiguration;
			buildSettings = {
				ALWAYS_EMBED_SWIFT_STANDARD_LIBRARIES = YES;
				CODE_SIGN_STYLE = Automatic;
				COMBINE_HIDPI_IMAGES = YES;
				INFOPLIST_FILE = "Tests macOS/Info.plist";
				LD_RUNPATH_SEARCH_PATHS = (
					"$(inherited)",
					"@executable_path/../Frameworks",
					"@loader_path/../Frameworks",
				);
				MACOSX_DEPLOYMENT_TARGET = 11.3;
				PRODUCT_BUNDLE_IDENTIFIER = "hkbu.Tests-macOS";
				PRODUCT_NAME = "$(TARGET_NAME)";
				SDKROOT = macosx;
				SWIFT_VERSION = 5.0;
				TEST_TARGET_NAME = "BluetoothLab (macOS)";
			};
			name = Debug;
		};
		6619D80927215684001CEC8F /* Release */ = {
			isa = XCBuildConfiguration;
			buildSettings = {
				ALWAYS_EMBED_SWIFT_STANDARD_LIBRARIES = YES;
				CODE_SIGN_STYLE = Automatic;
				COMBINE_HIDPI_IMAGES = YES;
				INFOPLIST_FILE = "Tests macOS/Info.plist";
				LD_RUNPATH_SEARCH_PATHS = (
					"$(inherited)",
					"@executable_path/../Frameworks",
					"@loader_path/../Frameworks",
				);
				MACOSX_DEPLOYMENT_TARGET = 11.3;
				PRODUCT_BUNDLE_IDENTIFIER = "hkbu.Tests-macOS";
				PRODUCT_NAME = "$(TARGET_NAME)";
				SDKROOT = macosx;
				SWIFT_VERSION = 5.0;
				TEST_TARGET_NAME = "BluetoothLab (macOS)";
			};
			name = Release;
		};
/* End XCBuildConfiguration section */

/* Begin XCConfigurationList section */
		6619D7CB27215682001CEC8F /* Build configuration list for PBXProject "BluetoothLab" */ = {
			isa = XCConfigurationList;
			buildConfigurations = (
				6619D7FC27215684001CEC8F /* Debug */,
				6619D7FD27215684001CEC8F /* Release */,
			);
			defaultConfigurationIsVisible = 0;
			defaultConfigurationName = Release;
		};
		6619D7FE27215684001CEC8F /* Build configuration list for PBXNativeTarget "BluetoothLab (iOS)" */ = {
			isa = XCConfigurationList;
			buildConfigurations = (
				6619D7FF27215684001CEC8F /* Debug */,
				6619D80027215684001CEC8F /* Release */,
			);
			defaultConfigurationIsVisible = 0;
			defaultConfigurationName = Release;
		};
		6619D80127215684001CEC8F /* Build configuration list for PBXNativeTarget "BluetoothLab (macOS)" */ = {
			isa = XCConfigurationList;
			buildConfigurations = (
				6619D80227215684001CEC8F /* Debug */,
				6619D80327215684001CEC8F /* Release */,
			);
			defaultConfigurationIsVisible = 0;
			defaultConfigurationName = Release;
		};
		6619D80427215684001CEC8F /* Build configuration list for PBXNativeTarget "Tests iOS" */ = {
			isa = XCConfigurationList;
			buildConfigurations = (
				6619D80527215684001CEC8F /* Debug */,
				6619D80627215684001CEC8F /* Release */,
			);
			defaultConfigurationIsVisible = 0;
			defaultConfigurationName = Release;
		};
		6619D80727215684001CEC8F /* Build configuration list for PBXNativeTarget "Tests macOS" */ = {
			isa = XCConfigurationList;
			buildConfigurations = (
				6619D80827215684001CEC8F /* Debug */,
				6619D80927215684001CEC8F /* Release */,
			);
			defaultConfigurationIsVisible = 0;
			defaultConfigurationName = Release;
		};
/* End XCConfigurationList section */
	};
	rootObject = 6619D7C827215682001CEC8F /* Project object */;
}
